
Microsoft Visual Studio Solution File, Format Version 12.00
# Visual Studio Version 17
VisualStudioVersion = 17.0.31903.59
MinimumVisualStudioVersion = 10.0.40219.1
Project("{2150E333-8FDC-42A3-9474-1A3956D46DE8}") = "src", "src", "{827E0CD3-B72D-47B6-A68D-7590B98EB39B}"
EndProject
Project("{FAE04EC0-301F-11D3-BF4B-00C04F79EFBC}") = "PSMobileWallpaper.Api", "src\PSMobileWallpaper.Api\PSMobileWallpaper.Api.csproj", "{DDA94941-5C61-4640-B18A-1AC5A4F3DDFB}"
EndProject
Project("{FAE04EC0-301F-11D3-BF4B-00C04F79EFBC}") = "PSMobileWallpaper.Application", "src\PSMobileWallpaper.Application\PSMobileWallpaper.Application.csproj", "{C9EF372B-6A38-4985-9FB8-26F51176BD10}"
EndProject
Project("{FAE04EC0-301F-11D3-BF4B-00C04F79EFBC}") = "PSMobileWallpaper.Device", "src\PSMobileWallpaper.Device\PSMobileWallpaper.Device.csproj", "{110A118D-0936-4B3C-ABFE-D9B5598CD2A9}"
EndProject
Project("{FAE04EC0-301F-11D3-BF4B-00C04F79EFBC}") = "PSMobileWallpaper.Domain", "src\PSMobileWallpaper.Domain\PSMobileWallpaper.Domain.csproj", "{DF6B368A-E86C-4666-B23C-D3C95231F70B}"
EndProject
Project("{FAE04EC0-301F-11D3-BF4B-00C04F79EFBC}") = "PSMobileWallpaper.Image", "src\PSMobileWallpaper.Image\PSMobileWallpaper.Image.csproj", "{163D0455-651C-458F-92F4-B52AFBD552D0}"
EndProject
Project("{FAE04EC0-301F-11D3-BF4B-00C04F79EFBC}") = "PSMobileWallpaper.Infrastructure", "src\PSMobileWallpaper.Infrastructure\PSMobileWallpaper.Infrastructure.csproj", "{1FF1A505-E0B8-466E-870B-49301D1A050D}"
EndProject
Project("{FAE04EC0-301F-11D3-BF4B-00C04F79EFBC}") = "PSMobileWallpaper.Transport", "src\PSMobileWallpaper.Transport\PSMobileWallpaper.Transport.csproj", "{960CF34E-7294-4601-8299-108EEDD61B37}"
EndProject
Project("{FAE04EC0-301F-11D3-BF4B-00C04F79EFBC}") = "PSMobileWallpaper.Wallpaper", "src\PSMobileWallpaper.Wallpaper\PSMobileWallpaper.Wallpaper.csproj", "{CF0DFF09-3243-4719-A662-9BDD351F6936}"
EndProject
Project("{FAE04EC0-301F-11D3-BF4B-00C04F79EFBC}") = "PSMobileWallpaper.Tests", "..\..\tests\unit\PSMobileWallpaper.Tests\PSMobileWallpaper.Tests.csproj", "{9EF81BD9-880D-47D4-AD94-1C9A263C072F}"
EndProject
Project("{FAE04EC0-301F-11D3-BF4B-00C04F79EFBC}") = "PSMobileWallpaper.IntegrationTests", "..\..\tests\integration\PSMobileWallpaper.IntegrationTests\PSMobileWallpaper.IntegrationTests.csproj", "{713BBDBC-CE3B-4B75-867E-99443F6E32BF}"
EndProject
Global
	GlobalSection(SolutionConfigurationPlatforms) = preSolution
		Debug|Any CPU = Debug|Any CPU
		Debug|x64 = Debug|x64
		Debug|x86 = Debug|x86
		Release|Any CPU = Release|Any CPU
		Release|x64 = Release|x64
		Release|x86 = Release|x86
	EndGlobalSection
	GlobalSection(ProjectConfigurationPlatforms) = postSolution
		{DDA94941-5C61-4640-B18A-1AC5A4F3DDFB}.Debug|Any CPU.ActiveCfg = Debug|Any CPU
		{DDA94941-5C61-4640-B18A-1AC5A4F3DDFB}.Debug|Any CPU.Build.0 = Debug|Any CPU
		{DDA94941-5C61-4640-B18A-1AC5A4F3DDFB}.Debug|x64.ActiveCfg = Debug|Any CPU
		{DDA94941-5C61-4640-B18A-1AC5A4F3DDFB}.Debug|x64.Build.0 = Debug|Any CPU
		{DDA94941-5C61-4640-B18A-1AC5A4F3DDFB}.Debug|x86.ActiveCfg = Debug|Any CPU
		{DDA94941-5C61-4640-B18A-1AC5A4F3DDFB}.Debug|x86.Build.0 = Debug|Any CPU
		{DDA94941-5C61-4640-B18A-1AC5A4F3DDFB}.Release|Any CPU.ActiveCfg = Release|Any CPU
		{DDA94941-5C61-4640-B18A-1AC5A4F3DDFB}.Release|Any CPU.Build.0 = Release|Any CPU
		{DDA94941-5C61-4640-B18A-1AC5A4F3DDFB}.Release|x64.ActiveCfg = Release|Any CPU
		{DDA94941-5C61-4640-B18A-1AC5A4F3DDFB}.Release|x64.Build.0 = Release|Any CPU
		{DDA94941-5C61-4640-B18A-1AC5A4F3DDFB}.Release|x86.ActiveCfg = Release|Any CPU
		{DDA94941-5C61-4640-B18A-1AC5A4F3DDFB}.Release|x86.Build.0 = Release|Any CPU
		{C9EF372B-6A38-4985-9FB8-26F51176BD10}.Debug|Any CPU.ActiveCfg = Debug|Any CPU
		{C9EF372B-6A38-4985-9FB8-26F51176BD10}.Debug|Any CPU.Build.0 = Debug|Any CPU
		{C9EF372B-6A38-4985-9FB8-26F51176BD10}.Debug|x64.ActiveCfg = Debug|Any CPU
		{C9EF372B-6A38-4985-9FB8-26F51176BD10}.Debug|x64.Build.0 = Debug|Any CPU
		{C9EF372B-6A38-4985-9FB8-26F51176BD10}.Debug|x86.ActiveCfg = Debug|Any CPU
		{C9EF372B-6A38-4985-9FB8-26F51176BD10}.Debug|x86.Build.0 = Debug|Any CPU
		{C9EF372B-6A38-4985-9FB8-26F51176BD10}.Release|Any CPU.ActiveCfg = Release|Any CPU
		{C9EF372B-6A38-4985-9FB8-26F51176BD10}.Release|Any CPU.Build.0 = Release|Any CPU
		{C9EF372B-6A38-4985-9FB8-26F51176BD10}.Release|x64.ActiveCfg = Release|Any CPU
		{C9EF372B-6A38-4985-9FB8-26F51176BD10}.Release|x64.Build.0 = Release|Any CPU
		{C9EF372B-6A38-4985-9FB8-26F51176BD10}.Release|x86.ActiveCfg = Release|Any CPU
		{C9EF372B-6A38-4985-9FB8-26F51176BD10}.Release|x86.Build.0 = Release|Any CPU
		{110A118D-0936-4B3C-ABFE-D9B5598CD2A9}.Debug|Any CPU.ActiveCfg = Debug|Any CPU
		{110A118D-0936-4B3C-ABFE-D9B5598CD2A9}.Debug|Any CPU.Build.0 = Debug|Any CPU
		{110A118D-0936-4B3C-ABFE-D9B5598CD2A9}.Debug|x64.ActiveCfg = Debug|Any CPU
		{110A118D-0936-4B3C-ABFE-D9B5598CD2A9}.Debug|x64.Build.0 = Debug|Any CPU
		{110A118D-0936-4B3C-ABFE-D9B5598CD2A9}.Debug|x86.ActiveCfg = Debug|Any CPU
		{110A118D-0936-4B3C-ABFE-D9B5598CD2A9}.Debug|x86.Build.0 = Debug|Any CPU
		{110A118D-0936-4B3C-ABFE-D9B5598CD2A9}.Release|Any CPU.ActiveCfg = Release|Any CPU
		{110A118D-0936-4B3C-ABFE-D9B5598CD2A9}.Release|Any CPU.Build.0 = Release|Any CPU
		{110A118D-0936-4B3C-ABFE-D9B5598CD2A9}.Release|x64.ActiveCfg = Release|Any CPU
		{110A118D-0936-4B3C-ABFE-D9B5598CD2A9}.Release|x64.Build.0 = Release|Any CPU
		{110A118D-0936-4B3C-ABFE-D9B5598CD2A9}.Release|x86.ActiveCfg = Release|Any CPU
		{110A118D-0936-4B3C-ABFE-D9B5598CD2A9}.Release|x86.Build.0 = Release|Any CPU
		{DF6B368A-E86C-4666-B23C-D3C95231F70B}.Debug|Any CPU.ActiveCfg = Debug|Any CPU
		{DF6B368A-E86C-4666-B23C-D3C95231F70B}.Debug|Any CPU.Build.0 = Debug|Any CPU
		{DF6B368A-E86C-4666-B23C-D3C95231F70B}.Debug|x64.ActiveCfg = Debug|Any CPU
		{DF6B368A-E86C-4666-B23C-D3C95231F70B}.Debug|x64.Build.0 = Debug|Any CPU
		{DF6B368A-E86C-4666-B23C-D3C95231F70B}.Debug|x86.ActiveCfg = Debug|Any CPU
		{DF6B368A-E86C-4666-B23C-D3C95231F70B}.Debug|x86.Build.0 = Debug|Any CPU
		{DF6B368A-E86C-4666-B23C-D3C95231F70B}.Release|Any CPU.ActiveCfg = Release|Any CPU
		{DF6B368A-E86C-4666-B23C-D3C95231F70B}.Release|Any CPU.Build.0 = Release|Any CPU
		{DF6B368A-E86C-4666-B23C-D3C95231F70B}.Release|x64.ActiveCfg = Release|Any CPU
		{DF6B368A-E86C-4666-B23C-D3C95231F70B}.Release|x64.Build.0 = Release|Any CPU
		{DF6B368A-E86C-4666-B23C-D3C95231F70B}.Release|x86.ActiveCfg = Release|Any CPU
		{DF6B368A-E86C-4666-B23C-D3C95231F70B}.Release|x86.Build.0 = Release|Any CPU
		{163D0455-651C-458F-92F4-B52AFBD552D0}.Debug|Any CPU.ActiveCfg = Debug|Any CPU
		{163D0455-651C-458F-92F4-B52AFBD552D0}.Debug|Any CPU.Build.0 = Debug|Any CPU
		{163D0455-651C-458F-92F4-B52AFBD552D0}.Debug|x64.ActiveCfg = Debug|Any CPU
		{163D0455-651C-458F-92F4-B52AFBD552D0}.Debug|x64.Build.0 = Debug|Any CPU
		{163D0455-651C-458F-92F4-B52AFBD552D0}.Debug|x86.ActiveCfg = Debug|Any CPU
		{163D0455-651C-458F-92F4-B52AFBD552D0}.Debug|x86.Build.0 = Debug|Any CPU
		{163D0455-651C-458F-92F4-B52AFBD552D0}.Release|Any CPU.ActiveCfg = Release|Any CPU
		{163D0455-651C-458F-92F4-B52AFBD552D0}.Release|Any CPU.Build.0 = Release|Any CPU
		{163D0455-651C-458F-92F4-B52AFBD552D0}.Release|x64.ActiveCfg = Release|Any CPU
		{163D0455-651C-458F-92F4-B52AFBD552D0}.Release|x64.Build.0 = Release|Any CPU
		{163D0455-651C-458F-92F4-B52AFBD552D0}.Release|x86.ActiveCfg = Release|Any CPU
		{163D0455-651C-458F-92F4-B52AFBD552D0}.Release|x86.Build.0 = Release|Any CPU
		{1FF1A505-E0B8-466E-870B-49301D1A050D}.Debug|Any CPU.ActiveCfg = Debug|Any CPU
		{1FF1A505-E0B8-466E-870B-49301D1A050D}.Debug|Any CPU.Build.0 = Debug|Any CPU
		{1FF1A505-E0B8-466E-870B-49301D1A050D}.Debug|x64.ActiveCfg = Debug|Any CPU
		{1FF1A505-E0B8-466E-870B-49301D1A050D}.Debug|x64.Build.0 = Debug|Any CPU
		{1FF1A505-E0B8-466E-870B-49301D1A050D}.Debug|x86.ActiveCfg = Debug|Any CPU
		{1FF1A505-E0B8-466E-870B-49301D1A050D}.Debug|x86.Build.0 = Debug|Any CPU
		{1FF1A505-E0B8-466E-870B-49301D1A050D}.Release|Any CPU.ActiveCfg = Release|Any CPU
		{1FF1A505-E0B8-466E-870B-49301D1A050D}.Release|Any CPU.Build.0 = Release|Any CPU
		{1FF1A505-E0B8-466E-870B-49301D1A050D}.Release|x64.ActiveCfg = Release|Any CPU
		{1FF1A505-E0B8-466E-870B-49301D1A050D}.Release|x64.Build.0 = Release|Any CPU
		{1FF1A505-E0B8-466E-870B-49301D1A050D}.Release|x86.ActiveCfg = Release|Any CPU
		{1FF1A505-E0B8-466E-870B-49301D1A050D}.Release|x86.Build.0 = Release|Any CPU
		{960CF34E-7294-4601-8299-108EEDD61B37}.Debug|Any CPU.ActiveCfg = Debug|Any CPU
		{960CF34E-7294-4601-8299-108EEDD61B37}.Debug|Any CPU.Build.0 = Debug|Any CPU
		{960CF34E-7294-4601-8299-108EEDD61B37}.Debug|x64.ActiveCfg = Debug|Any CPU
		{960CF34E-7294-4601-8299-108EEDD61B37}.Debug|x64.Build.0 = Debug|Any CPU
		{960CF34E-7294-4601-8299-108EEDD61B37}.Debug|x86.ActiveCfg = Debug|Any CPU
		{960CF34E-7294-4601-8299-108EEDD61B37}.Debug|x86.Build.0 = Debug|Any CPU
		{960CF34E-7294-4601-8299-108EEDD61B37}.Release|Any CPU.ActiveCfg = Release|Any CPU
		{960CF34E-7294-4601-8299-108EEDD61B37}.Release|Any CPU.Build.0 = Release|Any CPU
		{960CF34E-7294-4601-8299-108EEDD61B37}.Release|x64.ActiveCfg = Release|Any CPU
		{960CF34E-7294-4601-8299-108EEDD61B37}.Release|x64.Build.0 = Release|Any CPU
		{960CF34E-7294-4601-8299-108EEDD61B37}.Release|x86.ActiveCfg = Release|Any CPU
		{960CF34E-7294-4601-8299-108EEDD61B37}.Release|x86.Build.0 = Release|Any CPU
		{CF0DFF09-3243-4719-A662-9BDD351F6936}.Debug|Any CPU.ActiveCfg = Debug|Any CPU
		{CF0DFF09-3243-4719-A662-9BDD351F6936}.Debug|Any CPU.Build.0 = Debug|Any CPU
		{CF0DFF09-3243-4719-A662-9BDD351F6936}.Debug|x64.ActiveCfg = Debug|Any CPU
		{CF0DFF09-3243-4719-A662-9BDD351F6936}.Debug|x64.Build.0 = Debug|Any CPU
		{CF0DFF09-3243-4719-A662-9BDD351F6936}.Debug|x86.ActiveCfg = Debug|Any CPU
		{CF0DFF09-3243-4719-A662-9BDD351F6936}.Debug|x86.Build.0 = Debug|Any CPU
		{CF0DFF09-3243-4719-A662-9BDD351F6936}.Release|Any CPU.ActiveCfg = Release|Any CPU
		{CF0DFF09-3243-4719-A662-9BDD351F6936}.Release|Any CPU.Build.0 = Release|Any CPU
		{CF0DFF09-3243-4719-A662-9BDD351F6936}.Release|x64.ActiveCfg = Release|Any CPU
		{CF0DFF09-3243-4719-A662-9BDD351F6936}.Release|x64.Build.0 = Release|Any CPU
		{CF0DFF09-3243-4719-A662-9BDD351F6936}.Release|x86.ActiveCfg = Release|Any CPU
		{CF0DFF09-3243-4719-A662-9BDD351F6936}.Release|x86.Build.0 = Release|Any CPU
		{9EF81BD9-880D-47D4-AD94-1C9A263C072F}.Debug|Any CPU.ActiveCfg = Debug|Any CPU
		{9EF81BD9-880D-47D4-AD94-1C9A263C072F}.Debug|Any CPU.Build.0 = Debug|Any CPU
		{9EF81BD9-880D-47D4-AD94-1C9A263C072F}.Debug|x64.ActiveCfg = Debug|Any CPU
		{9EF81BD9-880D-47D4-AD94-1C9A263C072F}.Debug|x64.Build.0 = Debug|Any CPU
		{9EF81BD9-880D-47D4-AD94-1C9A263C072F}.Debug|x86.ActiveCfg = Debug|Any CPU
		{9EF81BD9-880D-47D4-AD94-1C9A263C072F}.Debug|x86.Build.0 = Debug|Any CPU
		{9EF81BD9-880D-47D4-AD94-1C9A263C072F}.Release|Any CPU.ActiveCfg = Release|Any CPU
		{9EF81BD9-880D-47D4-AD94-1C9A263C072F}.Release|Any CPU.Build.0 = Release|Any CPU
		{9EF81BD9-880D-47D4-AD94-1C9A263C072F}.Release|x64.ActiveCfg = Release|Any CPU
		{9EF81BD9-880D-47D4-AD94-1C9A263C072F}.Release|x64.Build.0 = Release|Any CPU
		{9EF81BD9-880D-47D4-AD94-1C9A263C072F}.Release|x86.ActiveCfg = Release|Any CPU
		{9EF81BD9-880D-47D4-AD94-1C9A263C072F}.Release|x86.Build.0 = Release|Any CPU
		{713BBDBC-CE3B-4B75-867E-99443F6E32BF}.Debug|Any CPU.ActiveCfg = Debug|Any CPU
		{713BBDBC-CE3B-4B75-867E-99443F6E32BF}.Debug|Any CPU.Build.0 = Debug|Any CPU
		{713BBDBC-CE3B-4B75-867E-99443F6E32BF}.Debug|x64.ActiveCfg = Debug|Any CPU
		{713BBDBC-CE3B-4B75-867E-99443F6E32BF}.Debug|x64.Build.0 = Debug|Any CPU
		{713BBDBC-CE3B-4B75-867E-99443F6E32BF}.Debug|x86.ActiveCfg = Debug|Any CPU
		{713BBDBC-CE3B-4B75-867E-99443F6E32BF}.Debug|x86.Build.0 = Debug|Any CPU
		{713BBDBC-CE3B-4B75-867E-99443F6E32BF}.Release|Any CPU.ActiveCfg = Release|Any CPU
		{713BBDBC-CE3B-4B75-867E-99443F6E32BF}.Release|Any CPU.Build.0 = Release|Any CPU
		{713BBDBC-CE3B-4B75-867E-99443F6E32BF}.Release|x64.ActiveCfg = Release|Any CPU
		{713BBDBC-CE3B-4B75-867E-99443F6E32BF}.Release|x64.Build.0 = Release|Any CPU
		{713BBDBC-CE3B-4B75-867E-99443F6E32BF}.Release|x86.ActiveCfg = Release|Any CPU
		{713BBDBC-CE3B-4B75-867E-99443F6E32BF}.Release|x86.Build.0 = Release|Any CPU
	EndGlobalSection
	GlobalSection(SolutionProperties) = preSolution
		HideSolutionNode = FALSE
	EndGlobalSection
	GlobalSection(NestedProjects) = preSolution
		{DDA94941-5C61-4640-B18A-1AC5A4F3DDFB} = {827E0CD3-B72D-47B6-A68D-7590B98EB39B}
		{C9EF372B-6A38-4985-9FB8-26F51176BD10} = {827E0CD3-B72D-47B6-A68D-7590B98EB39B}
		{110A118D-0936-4B3C-ABFE-D9B5598CD2A9} = {827E0CD3-B72D-47B6-A68D-7590B98EB39B}
		{DF6B368A-E86C-4666-B23C-D3C95231F70B} = {827E0CD3-B72D-47B6-A68D-7590B98EB39B}
		{163D0455-651C-458F-92F4-B52AFBD552D0} = {827E0CD3-B72D-47B6-A68D-7590B98EB39B}
		{1FF1A505-E0B8-466E-870B-49301D1A050D} = {827E0CD3-B72D-47B6-A68D-7590B98EB39B}
		{960CF34E-7294-4601-8299-108EEDD61B37} = {827E0CD3-B72D-47B6-A68D-7590B98EB39B}
		{CF0DFF09-3243-4719-A662-9BDD351F6936} = {827E0CD3-B72D-47B6-A68D-7590B98EB39B}
	EndGlobalSection
EndGlobal
